// !$*UTF8*$!
{
	archiveVersion = 1;
	classes = {
	};
	objectVersion = 46;
	objects = {

/* Begin PBXBuildFile section */
		8BE043F71F3E402E00BBA428 /* AppDelegate.swift in Sources */ = {isa = PBXBuildFile; fileRef = 8BE043F61F3E402E00BBA428 /* AppDelegate.swift */; };
		8BE043F91F3E402E00BBA428 /* ViewController.swift in Sources */ = {isa = PBXBuildFile; fileRef = 8BE043F81F3E402E00BBA428 /* ViewController.swift */; };
		8BE043FC1F3E402E00BBA428 /* Main.storyboard in Resources */ = {isa = PBXBuildFile; fileRef = 8BE043FA1F3E402E00BBA428 /* Main.storyboard */; };
		8BE043FE1F3E402E00BBA428 /* Assets.xcassets in Resources */ = {isa = PBXBuildFile; fileRef = 8BE043FD1F3E402E00BBA428 /* Assets.xcassets */; };
		8BE044011F3E402E00BBA428 /* LaunchScreen.storyboard in Resources */ = {isa = PBXBuildFile; fileRef = 8BE043FF1F3E402E00BBA428 /* LaunchScreen.storyboard */; };
/* End PBXBuildFile section */

/* Begin PBXFileReference section */
		8BE043F31F3E402E00BBA428 /* XMLParsingSample.app */ = {isa = PBXFileReference; explicitFileType = wrapper.application; includeInIndex = 0; path = XMLParsingSample.app; sourceTree = BUILT_PRODUCTS_DIR; };
		8BE043F61F3E402E00BBA428 /* AppDelegate.swift */ = {isa = PBXFileReference; lastKnownFileType = sourcecode.swift; path = AppDelegate.swift; sourceTree = "<group>"; };
		8BE043F81F3E402E00BBA428 /* ViewController.swift */ = {isa = PBXFileReference; lastKnownFileType = sourcecode.swift; path = ViewController.swift; sourceTree = "<group>"; };
		8BE043FB1F3E402E00BBA428 /* Base */ = {isa = PBXFileReference; lastKnownFileType = file.storyboard; name = Base; path = Base.lproj/Main.storyboard; sourceTree = "<group>"; };
		8BE043FD1F3E402E00BBA428 /* Assets.xcassets */ = {isa = PBXFileReference; lastKnownFileType = folder.assetcatalog; path = Assets.xcassets; sourceTree = "<group>"; };
		8BE044001F3E402E00BBA428 /* Base */ = {isa = PBXFileReference; lastKnownFileType = file.storyboard; name = Base; path = Base.lproj/LaunchScreen.storyboard; sourceTree = "<group>"; };
		8BE044021F3E402E00BBA428 /* Info.plist */ = {isa = PBXFileReference; lastKnownFileType = text.plist.xml; path = Info.plist; sourceTree = "<group>"; };
/* End PBXFileReference section */

/* Begin PBXFrameworksBuildPhase section */
		8BE043F01F3E402E00BBA428 /* Frameworks */ = {
			isa = PBXFrameworksBuildPhase;
			buildActionMask = 2147483647;
			files = (
			);
			runOnlyForDeploymentPostprocessing = 0;
		};
/* End PBXFrameworksBuildPhase section */

/* Begin PBXGroup section */
		8BE043EA1F3E402E00BBA428 = {
			isa = PBXGroup;
			children = (
				8BE043F51F3E402E00BBA428 /* XMLParsingSample */,
				8BE043F41F3E402E00BBA428 /* Products */,
			);
			sourceTree = "<group>";
		};
		8BE043F41F3E402E00BBA428 /* Products */ = {
			isa = PBXGroup;
			children = (
				8BE043F31F3E402E00BBA428 /* XMLParsingSample.app */,
			);
			name = Products;
			sourceTree = "<group>";
		};
		8BE043F51F3E402E00BBA428 /* XMLParsingSample */ = {
			isa = PBXGroup;
			children = (
				8BE043F61F3E402E00BBA428 /* AppDelegate.swift */,
				8BE043F81F3E402E00BBA428 /* ViewController.swift */,
				8BE043FA1F3E402E00BBA428 /* Main.storyboard */,
				8BE043FD1F3E402E00BBA428 /* Assets.xcassets */,
				8BE043FF1F3E402E00BBA428 /* LaunchScreen.storyboard */,
				8BE044021F3E402E00BBA428 /* Info.plist */,
			);
			path = XMLParsingSample;
			sourceTree = "<group>";
		};
/* End PBXGroup section */

/* Begin PBXNativeTarget section */
		8BE043F21F3E402E00BBA428 /* XMLParsingSample */ = {
			isa = PBXNativeTarget;
			buildConfigurationList = 8BE044051F3E402E00BBA428 /* Build configuration list for PBXNativeTarget "XMLParsingSample" */;
			buildPhases = (
				8BE043EF1F3E402E00BBA428 /* Sources */,
				8BE043F01F3E402E00BBA428 /* Frameworks */,
				8BE043F11F3E402E00BBA428 /* Resources */,
			);
			buildRules = (
			);
			dependencies = (
			);
			name = XMLParsingSample;
			productName = XMLParsingSample;
			productReference = 8BE043F31F3E402E00BBA428 /* XMLParsingSample.app */;
			productType = "com.apple.product-type.application";
		};
/* End PBXNativeTarget section */

/* Begin PBXProject section */
		8BE043EB1F3E402E00BBA428 /* Project object */ = {
			isa = PBXProject;
			attributes = {
				LastSwiftUpdateCheck = 0830;
				LastUpgradeCheck = 0830;
				ORGANIZATIONNAME = Developer;
				TargetAttributes = {
					8BE043F21F3E402E00BBA428 = {
						CreatedOnToolsVersion = 8.3.2;
						DevelopmentTeam = SDVV536W65;
						ProvisioningStyle = Automatic;
					};
				};
			};
			buildConfigurationList = 8BE043EE1F3E402E00BBA428 /* Build configuration list for PBXProject "XMLParsingSample" */;
			compatibilityVersion = "Xcode 3.2";
			developmentRegion = English;
			hasScannedForEncodings = 0;
			knownRegions = (
				en,
				Base,
			);
			mainGroup = 8BE043EA1F3E402E00BBA428;
			productRefGroup = 8BE043F41F3E402E00BBA428 /* Products */;
			projectDirPath = "";
			projectRoot = "";
			targets = (
				8BE043F21F3E402E00BBA428 /* XMLParsingSample */,
			);
		};
/* End PBXProject section */

/* Begin PBXResourcesBuildPhase section */
		8BE043F11F3E402E00BBA428 /* Resources */ = {
			isa = PBXResourcesBuildPhase;
			buildActionMask = 2147483647;
			files = (
				8BE044011F3E402E00BBA428 /* LaunchScreen.storyboard in Resources */,
				8BE043FE1F3E402E00BBA428 /* Assets.xcassets in Resources */,
				8BE043FC1F3E402E00BBA428 /* Main.storyboard in Resources */,
			);
			runOnlyForDeploymentPostprocessing = 0;
		};
/* End PBXResourcesBuildPhase section */

/* Begin PBXSourcesBuildPhase section */
		8BE043EF1F3E402E00BBA428 /* Sources */ = {
			isa = PBXSourcesBuildPhase;
			buildActionMask = 2147483647;
			files = (
				8BE043F91F3E402E00BBA428 /* ViewController.swift in Sources */,
				8BE043F71F3E402E00BBA428 /* AppDelegate.swift in Sources */,
			);
			runOnlyForDeploymentPostprocessing = 0;
		};
/* End PBXSourcesBuildPhase section */

/* Begin PBXVariantGroup section */
		8BE043FA1F3E402E00BBA428 /* Main.storyboard */ = {
			isa = PBXVariantGroup;
			children = (
				8BE043FB1F3E402E00BBA428 /* Base */,
			);
			name = Main.storyboard;
			sourceTree = "<group>";
		};
		8BE043FF1F3E402E00BBA428 /* LaunchScreen.storyboard */ = {
			isa = PBXVariantGroup;
			children = (
				8BE044001F3E402E00BBA428 /* Base */,
			);
			name = LaunchScreen.storyboard;
			sourceTree = "<group>";
		};
/* End PBXVariantGroup section */

/* Begin XCBuildConfiguration section */
		8BE044031F3E402E00BBA428 /* Debug */ = {
			isa = XCBuildConfiguration;
			buildSettings = {
				ALWAYS_SEARCH_USER_PATHS = NO;
				CLANG_ANALYZER_NONNULL = YES;
				CLANG_ANALYZER_NUMBER_OBJECT_CONVERSION = YES_AGGRESSIVE;
				CLANG_CXX_LANGUAGE_STANDARD = "gnu++0x";
				CLANG_CXX_LIBRARY = "libc++";
				CLANG_ENABLE_MODULES = YES;
				CLANG_ENABLE_OBJC_ARC = YES;
				CLANG_WARN_BOOL_CONVERSION = YES;
				CLANG_WARN_CONSTANT_CONVERSION = YES;
				CLANG_WARN_DIRECT_OBJC_ISA_USAGE = YES_ERROR;
				CLANG_WARN_DOCUMENTATION_COMMENTS = YES;
				CLANG_WARN_EMPTY_BODY = YES;
				CLANG_WARN_ENUM_CONVERSION = YES;
				CLANG_WARN_INFINITE_RECURSION = YES;
				CLANG_WARN_INT_CONVERSION = YES;
				CLANG_WARN_OBJC_ROOT_CLASS = YES_ERROR;
				CLANG_WARN_SUSPICIOUS_MOVE = YES;
				CLANG_WARN_UNREACHABLE_CODE = YES;
				CLANG_WARN__DUPLICATE_METHOD_MATCH = YES;
				"CODE_SIGN_IDENTITY[sdk=iphoneos*]" = "iPhone Developer";
				COPY_PHASE_STRIP = NO;
				DEBUG_INFORMATION_FORMAT = dwarf;
				ENABLE_STRICT_OBJC_MSGSEND = YES;
				ENABLE_TESTABILITY = YES;
				GCC_C_LANGUAGE_STANDARD = gnu99;
				GCC_DYNAMIC_NO_PIC = NO;
				GCC_NO_COMMON_BLOCKS = YES;
				GCC_OPTIMIZATION_LEVEL = 0;
				GCC_PREPROCESSOR_DEFINITIONS = (
					"DEBUG=1",
					"$(inherited)",
				);
				GCC_WARN_64_TO_32_BIT_CONVERSION = YES;
				GCC_WARN_ABOUT_RETURN_TYPE = YES_ERROR;
				GCC_WARN_UNDECLARED_SELECTOR = YES;
				GCC_WARN_UNINITIALIZED_AUTOS = YES_AGGRESSIVE;
				GCC_WARN_UNUSED_FUNCTION = YES;
				GCC_WARN_UNUSED_VARIABLE = YES;
				IPHONEOS_DEPLOYMENT_TARGET = 10.3;
				MTL_ENABLE_DEBUG_INFO = YES;
				ONLY_ACTIVE_ARCH = YES;
				SDKROOT = iphoneos;
				SWIFT_ACTIVE_COMPILATION_CONDITIONS = DEBUG;
				SWIFT_OPTIMIZATION_LEVEL = "-Onone";
			};
			name = Debug;
		};
		8BE044041F3E402E00BBA428 /* Release */ = {
			isa = XCBuildConfiguration;
			buildSettings = {
				ALWAYS_SEARCH_USER_PATHS = NO;
				CLANG_ANALYZER_NONNULL = YES;
				CLANG_ANALYZER_NUMBER_OBJECT_CONVERSION = YES_AGGRESSIVE;
				CLANG_CXX_LANGUAGE_STANDARD = "gnu++0x";
				CLANG_CXX_LIBRARY = "libc++";
				CLANG_ENABLE_MODULES = YES;
				CLANG_ENABLE_OBJC_ARC = YES;
				CLANG_WARN_BOOL_CONVERSION = YES;
				CLANG_WARN_CONSTANT_CONVERSION = YES;
				CLANG_WARN_DIRECT_OBJC_ISA_USAGE = YES_ERROR;
				CLANG_WARN_DOCUMENTATION_COMMENTS = YES;
				CLANG_WARN_EMPTY_BODY = YES;
				CLANG_WARN_ENUM_CONVERSION = YES;
				CLANG_WARN_INFINITE_RECURSION = YES;
				CLANG_WARN_INT_CONVERSION = YES;
				CLANG_WARN_OBJC_ROOT_CLASS = YES_ERROR;
				CLANG_WARN_SUSPICIOUS_MOVE = YES;
				CLANG_WARN_UNREACHABLE_CODE = YES;
				CLANG_WARN__DUPLICATE_METHOD_MATCH = YES;
				"CODE_SIGN_IDENTITY[sdk=iphoneos*]" = "iPhone Developer";
				COPY_PHASE_STRIP = NO;
				DEBUG_INFORMATION_FORMAT = "dwarf-with-dsym";
				ENABLE_NS_ASSERTIONS = NO;
				ENABLE_STRICT_OBJC_MSGSEND = YES;
				GCC_C_LANGUAGE_STANDARD = gnu99;
				GCC_NO_COMMON_BLOCKS = YES;
				GCC_WARN_64_TO_32_BIT_CONVERSION = YES;
				GCC_WARN_ABOUT_RETURN_TYPE = YES_ERROR;
				GCC_WARN_UNDECLARED_SELECTOR = YES;
				GCC_WARN_UNINITIALIZED_AUTOS = YES_AGGRESSIVE;
				GCC_WARN_UNUSED_FUNCTION = YES;
				GCC_WARN_UNUSED_VARIABLE = YES;
				IPHONEOS_DEPLOYMENT_TARGET = 10.3;
				MTL_ENABLE_DEBUG_INFO = NO;
				SDKROOT = iphoneos;
				SWIFT_OPTIMIZATION_LEVEL = "-Owholemodule";
				VALIDATE_PRODUCT = YES;
			};
			name = Release;
		};
		8BE044061F3E402E00BBA428 /* Debug */ = {
			isa = XCBuildConfiguration;
			buildSettings = {
				ASSETCATALOG_COMPILER_APPICON_NAME = AppIcon;
				DEVELOPMENT_TEAM = SDVV536W65;
				INFOPLIST_FILE = XMLParsingSample/Info.plist;
				LD_RUNPATH_SEARCH_PATHS = "$(inherited) @executable_path/Frameworks";
				PRODUCT_BUNDLE_IDENTIFIER = com.jeff.XMLParsingSample;
				PRODUCT_NAME = "$(TARGET_NAME)";
				SWIFT_VERSION = 3.0;
			};
			name = Debug;
		};
		8BE044071F3E402E00BBA428 /* Release */ = {
			isa = XCBuildConfiguration;
			buildSettings = {
				ASSETCATALOG_COMPILER_APPICON_NAME = AppIcon;
				DEVELOPMENT_TEAM = SDVV536W65;
				INFOPLIST_FILE = XMLParsingSample/Info.plist;
				LD_RUNPATH_SEARCH_PATHS = "$(inherited) @executable_path/Frameworks";
				PRODUCT_BUNDLE_IDENTIFIER = com.jeff.XMLParsingSample;
				PRODUCT_NAME = "$(TARGET_NAME)";
				SWIFT_VERSION = 3.0;
			};
			name = Release;
		};
/* End XCBuildConfiguration section */

/* Begin XCConfigurationList section */
		8BE043EE1F3E402E00BBA428 /* Build configuration list for PBXProject "XMLParsingSample" */ = {
			isa = XCConfigurationList;
			buildConfigurations = (
				8BE044031F3E402E00BBA428 /* Debug */,
				8BE044041F3E402E00BBA428 /* Release */,
			);
			defaultConfigurationIsVisible = 0;
			defaultConfigurationName = Release;
		};
		8BE044051F3E402E00BBA428 /* Build configuration list for PBXNativeTarget "XMLParsingSample" */ = {
			isa = XCConfigurationList;
			buildConfigurations = (
				8BE044061F3E402E00BBA428 /* Debug */,
				8BE044071F3E402E00BBA428 /* Release */,
			);
			defaultConfigurationIsVisible = 0;
		};
/* End XCConfigurationList section */
	};
	rootObject = 8BE043EB1F3E402E00BBA428 /* Project object */;
}
